
Microsoft Visual Studio Solution File, Format Version 12.00
# Visual Studio 14
VisualStudioVersion = 14.0.25420.1
MinimumVisualStudioVersion = 10.0.40219.1
Project("{FAE04EC0-301F-11D3-BF4B-00C04F79EFBC}") = "SpellforceGameDataEditor2k16", "SpellforceGameDataEditor2k16\SpellforceGameDataEditor2k16.csproj", "{3551DB90-71DF-4A56-A796-DA01F4010E75}"
EndProject
Global
	GlobalSection(SolutionConfigurationPlatforms) = preSolution
		Debug|Any CPU = Debug|Any CPU
		Release|Any CPU = Release|Any CPU
	EndGlobalSection
	GlobalSection(ProjectConfigurationPlatforms) = postSolution
		{3551DB90-71DF-4A56-A796-DA01F4010E75}.Debug|Any CPU.ActiveCfg = Debug|Any CPU
		{3551DB90-71DF-4A56-A796-DA01F4010E75}.Debug|Any CPU.Build.0 = Debug|Any CPU
		{3551DB90-71DF-4A56-A796-DA01F4010E75}.Release|Any CPU.ActiveCfg = Release|Any CPU
		{3551DB90-71DF-4A56-A796-DA01F4010E75}.Release|Any CPU.Build.0 = Release|Any CPU
	EndGlobalSection
	GlobalSection(SolutionProperties) = preSolution
		HideSolutionNode = FALSE
	EndGlobalSection
	GlobalSection(ExtensibilityGlobals) = postSolution
		VisualSVNWorkingCopyRoot = .
	EndGlobalSection
EndGlobal
